// !$*UTF8*$!
{
	archiveVersion = 1;
	classes = {
	};
	objectVersion = 46;
	objects = {

/* Begin PBXBuildFile section */
		1F41C6AD19488B44007E69C6 /* Foundation.framework in Frameworks */ = {isa = PBXBuildFile; fileRef = 1F41C6AC19488B44007E69C6 /* Foundation.framework */; };
		1F41C6AF19488B44007E69C6 /* CoreGraphics.framework in Frameworks */ = {isa = PBXBuildFile; fileRef = 1F41C6AE19488B44007E69C6 /* CoreGraphics.framework */; };
		1F41C6B119488B44007E69C6 /* UIKit.framework in Frameworks */ = {isa = PBXBuildFile; fileRef = 1F41C6B019488B44007E69C6 /* UIKit.framework */; };
		1F41C6B719488B44007E69C6 /* InfoPlist.strings in Resources */ = {isa = PBXBuildFile; fileRef = 1F41C6B519488B44007E69C6 /* InfoPlist.strings */; };
		1F41C6B919488B44007E69C6 /* main.m in Sources */ = {isa = PBXBuildFile; fileRef = 1F41C6B819488B44007E69C6 /* main.m */; };
		1F41C6BD19488B44007E69C6 /* AppDelegate.m in Sources */ = {isa = PBXBuildFile; fileRef = 1F41C6BC19488B44007E69C6 /* AppDelegate.m */; };
		1F41C6BF19488B44007E69C6 /* Images.xcassets in Resources */ = {isa = PBXBuildFile; fileRef = 1F41C6BE19488B44007E69C6 /* Images.xcassets */; };
		1F41C6C619488B44007E69C6 /* XCTest.framework in Frameworks */ = {isa = PBXBuildFile; fileRef = 1F41C6C519488B44007E69C6 /* XCTest.framework */; };
		1F41C6C719488B44007E69C6 /* Foundation.framework in Frameworks */ = {isa = PBXBuildFile; fileRef = 1F41C6AC19488B44007E69C6 /* Foundation.framework */; };
		1F41C6C819488B44007E69C6 /* UIKit.framework in Frameworks */ = {isa = PBXBuildFile; fileRef = 1F41C6B019488B44007E69C6 /* UIKit.framework */; };
		1F41C6D019488B44007E69C6 /* InfoPlist.strings in Resources */ = {isa = PBXBuildFile; fileRef = 1F41C6CE19488B44007E69C6 /* InfoPlist.strings */; };
		1F41C6D219488B44007E69C6 /* VIPDiscountLearningTests.m in Sources */ = {isa = PBXBuildFile; fileRef = 1F41C6D119488B44007E69C6 /* VIPDiscountLearningTests.m */; };
		1F41C6DD19488B65007E69C6 /* MainViewController.m in Sources */ = {isa = PBXBuildFile; fileRef = 1F41C6DC19488B65007E69C6 /* MainViewController.m */; };
		1F698873194AC99F00945FDF /* O2OAPI.m in Sources */ = {isa = PBXBuildFile; fileRef = 1F698872194AC99F00945FDF /* O2OAPI.m */; };
		1FCB7C1C194A96FA0018346C /* LocationCalculator.m in Sources */ = {isa = PBXBuildFile; fileRef = 1FCB7C1B194A96FA0018346C /* LocationCalculator.m */; };
		1FCB7C22194AA2D00018346C /* PCStackMenu.m in Sources */ = {isa = PBXBuildFile; fileRef = 1FCB7C1F194AA2D00018346C /* PCStackMenu.m */; };
		1FCB7C23194AA2D00018346C /* PCStackMenuItem.m in Sources */ = {isa = PBXBuildFile; fileRef = 1FCB7C21194AA2D00018346C /* PCStackMenuItem.m */; };
		1FCB7C28194AAAD10018346C /* mi_camera.png in Resources */ = {isa = PBXBuildFile; fileRef = 1FCB7C26194AAAD10018346C /* mi_camera.png */; };
		1FCB7C29194AAAD10018346C /* mi_camera@2x.png in Resources */ = {isa = PBXBuildFile; fileRef = 1FCB7C27194AAAD10018346C /* mi_camera@2x.png */; };
		1FCB7C2C194AAB020018346C /* mi_scan.png in Resources */ = {isa = PBXBuildFile; fileRef = 1FCB7C2A194AAB020018346C /* mi_scan.png */; };
		1FCB7C2D194AAB020018346C /* mi_scan@2x.png in Resources */ = {isa = PBXBuildFile; fileRef = 1FCB7C2B194AAB020018346C /* mi_scan@2x.png */; };
		1FCB7C30194AAB0C0018346C /* mi_search_user.png in Resources */ = {isa = PBXBuildFile; fileRef = 1FCB7C2E194AAB0C0018346C /* mi_search_user.png */; };
		1FCB7C31194AAB0C0018346C /* mi_search_user@2x.png in Resources */ = {isa = PBXBuildFile; fileRef = 1FCB7C2F194AAB0C0018346C /* mi_search_user@2x.png */; };
		1FCB7C34194AAB160018346C /* mi_search_brand.png in Resources */ = {isa = PBXBuildFile; fileRef = 1FCB7C32194AAB160018346C /* mi_search_brand.png */; };
		1FCB7C35194AAB160018346C /* mi_search_brand@2x.png in Resources */ = {isa = PBXBuildFile; fileRef = 1FCB7C33194AAB160018346C /* mi_search_brand@2x.png */; };
/* End PBXBuildFile section */

/* Begin PBXContainerItemProxy section */
		1F41C6C919488B44007E69C6 /* PBXContainerItemProxy */ = {
			isa = PBXContainerItemProxy;
			containerPortal = 1F41C6A119488B44007E69C6 /* Project object */;
			proxyType = 1;
			remoteGlobalIDString = 1F41C6A819488B44007E69C6;
			remoteInfo = VIPDiscountLearning;
		};
/* End PBXContainerItemProxy section */

/* Begin PBXFileReference section */
		1F41C6A919488B44007E69C6 /* VIPDiscountLearning.app */ = {isa = PBXFileReference; explicitFileType = wrapper.application; includeInIndex = 0; path = VIPDiscountLearning.app; sourceTree = BUILT_PRODUCTS_DIR; };
		1F41C6AC19488B44007E69C6 /* Foundation.framework */ = {isa = PBXFileReference; lastKnownFileType = wrapper.framework; name = Foundation.framework; path = System/Library/Frameworks/Foundation.framework; sourceTree = SDKROOT; };
		1F41C6AE19488B44007E69C6 /* CoreGraphics.framework */ = {isa = PBXFileReference; lastKnownFileType = wrapper.framework; name = CoreGraphics.framework; path = System/Library/Frameworks/CoreGraphics.framework; sourceTree = SDKROOT; };
		1F41C6B019488B44007E69C6 /* UIKit.framework */ = {isa = PBXFileReference; lastKnownFileType = wrapper.framework; name = UIKit.framework; path = System/Library/Frameworks/UIKit.framework; sourceTree = SDKROOT; };
		1F41C6B419488B44007E69C6 /* VIPDiscountLearning-Info.plist */ = {isa = PBXFileReference; lastKnownFileType = text.plist.xml; path = "VIPDiscountLearning-Info.plist"; sourceTree = "<group>"; };
		1F41C6B619488B44007E69C6 /* en */ = {isa = PBXFileReference; lastKnownFileType = text.plist.strings; name = en; path = en.lproj/InfoPlist.strings; sourceTree = "<group>"; };
		1F41C6B819488B44007E69C6 /* main.m */ = {isa = PBXFileReference; lastKnownFileType = sourcecode.c.objc; path = main.m; sourceTree = "<group>"; };
		1F41C6BA19488B44007E69C6 /* VIPDiscountLearning-Prefix.pch */ = {isa = PBXFileReference; lastKnownFileType = sourcecode.c.h; path = "VIPDiscountLearning-Prefix.pch"; sourceTree = "<group>"; };
		1F41C6BB19488B44007E69C6 /* AppDelegate.h */ = {isa = PBXFileReference; lastKnownFileType = sourcecode.c.h; path = AppDelegate.h; sourceTree = "<group>"; };
		1F41C6BC19488B44007E69C6 /* AppDelegate.m */ = {isa = PBXFileReference; lastKnownFileType = sourcecode.c.objc; path = AppDelegate.m; sourceTree = "<group>"; };
		1F41C6BE19488B44007E69C6 /* Images.xcassets */ = {isa = PBXFileReference; lastKnownFileType = folder.assetcatalog; path = Images.xcassets; sourceTree = "<group>"; };
		1F41C6C419488B44007E69C6 /* VIPDiscountLearningTests.xctest */ = {isa = PBXFileReference; explicitFileType = wrapper.cfbundle; includeInIndex = 0; path = VIPDiscountLearningTests.xctest; sourceTree = BUILT_PRODUCTS_DIR; };
		1F41C6C519488B44007E69C6 /* XCTest.framework */ = {isa = PBXFileReference; lastKnownFileType = wrapper.framework; name = XCTest.framework; path = Library/Frameworks/XCTest.framework; sourceTree = DEVELOPER_DIR; };
		1F41C6CD19488B44007E69C6 /* VIPDiscountLearningTests-Info.plist */ = {isa = PBXFileReference; lastKnownFileType = text.plist.xml; path = "VIPDiscountLearningTests-Info.plist"; sourceTree = "<group>"; };
		1F41C6CF19488B44007E69C6 /* en */ = {isa = PBXFileReference; lastKnownFileType = text.plist.strings; name = en; path = en.lproj/InfoPlist.strings; sourceTree = "<group>"; };
		1F41C6D119488B44007E69C6 /* VIPDiscountLearningTests.m */ = {isa = PBXFileReference; lastKnownFileType = sourcecode.c.objc; path = VIPDiscountLearningTests.m; sourceTree = "<group>"; };
		1F41C6DB19488B65007E69C6 /* MainViewController.h */ = {isa = PBXFileReference; fileEncoding = 4; lastKnownFileType = sourcecode.c.h; path = MainViewController.h; sourceTree = "<group>"; };
		1F41C6DC19488B65007E69C6 /* MainViewController.m */ = {isa = PBXFileReference; fileEncoding = 4; lastKnownFileType = sourcecode.c.objc; path = MainViewController.m; sourceTree = "<group>"; };
		1F41C6E81948916E007E69C6 /* ACMacros.h */ = {isa = PBXFileReference; fileEncoding = 4; lastKnownFileType = sourcecode.c.h; path = ACMacros.h; sourceTree = "<group>"; };
		1F41C6E91948964E007E69C6 /* Constants.h */ = {isa = PBXFileReference; fileEncoding = 4; lastKnownFileType = sourcecode.c.h; path = Constants.h; sourceTree = "<group>"; };
		1F698871194AC99F00945FDF /* O2OAPI.h */ = {isa = PBXFileReference; fileEncoding = 4; lastKnownFileType = sourcecode.c.h; name = O2OAPI.h; path = ../O2OAPI.h; sourceTree = "<group>"; };
		1F698872194AC99F00945FDF /* O2OAPI.m */ = {isa = PBXFileReference; fileEncoding = 4; lastKnownFileType = sourcecode.c.objc; name = O2OAPI.m; path = ../O2OAPI.m; sourceTree = "<group>"; };
		1FCB7C1A194A96FA0018346C /* LocationCalculator.h */ = {isa = PBXFileReference; fileEncoding = 4; lastKnownFileType = sourcecode.c.h; name = LocationCalculator.h; path = VIPDiscountLearning/LocationCalculator.h; sourceTree = "<group>"; };
		1FCB7C1B194A96FA0018346C /* LocationCalculator.m */ = {isa = PBXFileReference; fileEncoding = 4; lastKnownFileType = sourcecode.c.objc; name = LocationCalculator.m; path = VIPDiscountLearning/LocationCalculator.m; sourceTree = "<group>"; };
		1FCB7C1E194AA2D00018346C /* PCStackMenu.h */ = {isa = PBXFileReference; fileEncoding = 4; lastKnownFileType = sourcecode.c.h; path = PCStackMenu.h; sourceTree = "<group>"; };
		1FCB7C1F194AA2D00018346C /* PCStackMenu.m */ = {isa = PBXFileReference; fileEncoding = 4; lastKnownFileType = sourcecode.c.objc; path = PCStackMenu.m; sourceTree = "<group>"; };
		1FCB7C20194AA2D00018346C /* PCStackMenuItem.h */ = {isa = PBXFileReference; fileEncoding = 4; lastKnownFileType = sourcecode.c.h; path = PCStackMenuItem.h; sourceTree = "<group>"; };
		1FCB7C21194AA2D00018346C /* PCStackMenuItem.m */ = {isa = PBXFileReference; fileEncoding = 4; lastKnownFileType = sourcecode.c.objc; path = PCStackMenuItem.m; sourceTree = "<group>"; };
		1FCB7C26194AAAD10018346C /* mi_camera.png */ = {isa = PBXFileReference; lastKnownFileType = image.png; path = mi_camera.png; sourceTree = "<group>"; };
		1FCB7C27194AAAD10018346C /* mi_camera@2x.png */ = {isa = PBXFileReference; lastKnownFileType = image.png; path = "mi_camera@2x.png"; sourceTree = "<group>"; };
		1FCB7C2A194AAB020018346C /* mi_scan.png */ = {isa = PBXFileReference; lastKnownFileType = image.png; path = mi_scan.png; sourceTree = "<group>"; };
		1FCB7C2B194AAB020018346C /* mi_scan@2x.png */ = {isa = PBXFileReference; lastKnownFileType = image.png; path = "mi_scan@2x.png"; sourceTree = "<group>"; };
		1FCB7C2E194AAB0C0018346C /* mi_search_user.png */ = {isa = PBXFileReference; lastKnownFileType = image.png; path = mi_search_user.png; sourceTree = "<group>"; };
		1FCB7C2F194AAB0C0018346C /* mi_search_user@2x.png */ = {isa = PBXFileReference; lastKnownFileType = image.png; path = "mi_search_user@2x.png"; sourceTree = "<group>"; };
		1FCB7C32194AAB160018346C /* mi_search_brand.png */ = {isa = PBXFileReference; lastKnownFileType = image.png; path = mi_search_brand.png; sourceTree = "<group>"; };
		1FCB7C33194AAB160018346C /* mi_search_brand@2x.png */ = {isa = PBXFileReference; lastKnownFileType = image.png; path = "mi_search_brand@2x.png"; sourceTree = "<group>"; };
/* End PBXFileReference section */

/* Begin PBXFrameworksBuildPhase section */
		1F41C6A619488B44007E69C6 /* Frameworks */ = {
			isa = PBXFrameworksBuildPhase;
			buildActionMask = 2147483647;
			files = (
				1F41C6AF19488B44007E69C6 /* CoreGraphics.framework in Frameworks */,
				1F41C6B119488B44007E69C6 /* UIKit.framework in Frameworks */,
				1F41C6AD19488B44007E69C6 /* Foundation.framework in Frameworks */,
			);
			runOnlyForDeploymentPostprocessing = 0;
		};
		1F41C6C119488B44007E69C6 /* Frameworks */ = {
			isa = PBXFrameworksBuildPhase;
			buildActionMask = 2147483647;
			files = (
				1F41C6C619488B44007E69C6 /* XCTest.framework in Frameworks */,
				1F41C6C819488B44007E69C6 /* UIKit.framework in Frameworks */,
				1F41C6C719488B44007E69C6 /* Foundation.framework in Frameworks */,
			);
			runOnlyForDeploymentPostprocessing = 0;
		};
/* End PBXFrameworksBuildPhase section */

/* Begin PBXGroup section */
		1F41C6A019488B44007E69C6 = {
			isa = PBXGroup;
			children = (
				1F41C6EA19489653007E69C6 /* vendor */,
				1F41C6B219488B44007E69C6 /* VIPDiscountLearning */,
				1F41C6CB19488B44007E69C6 /* VIPDiscountLearningTests */,
				1F41C6AB19488B44007E69C6 /* Frameworks */,
				1F41C6AA19488B44007E69C6 /* Products */,
			);
			sourceTree = "<group>";
		};
		1F41C6AA19488B44007E69C6 /* Products */ = {
			isa = PBXGroup;
			children = (
				1F41C6A919488B44007E69C6 /* VIPDiscountLearning.app */,
				1F41C6C419488B44007E69C6 /* VIPDiscountLearningTests.xctest */,
			);
			name = Products;
			sourceTree = "<group>";
		};
		1F41C6AB19488B44007E69C6 /* Frameworks */ = {
			isa = PBXGroup;
			children = (
				1F41C6AC19488B44007E69C6 /* Foundation.framework */,
				1F41C6AE19488B44007E69C6 /* CoreGraphics.framework */,
				1F41C6B019488B44007E69C6 /* UIKit.framework */,
				1F41C6C519488B44007E69C6 /* XCTest.framework */,
			);
			name = Frameworks;
			sourceTree = "<group>";
		};
		1F41C6B219488B44007E69C6 /* VIPDiscountLearning */ = {
			isa = PBXGroup;
			children = (
				1F41C6DE19488B82007E69C6 /* MainView */,
				1F41C6BE19488B44007E69C6 /* Images.xcassets */,
				1F41C6B319488B44007E69C6 /* Supporting Files */,
			);
			path = VIPDiscountLearning;
			sourceTree = "<group>";
		};
		1F41C6B319488B44007E69C6 /* Supporting Files */ = {
			isa = PBXGroup;
			children = (
				1FCB7C36194AAB1F0018346C /* pulldownIcon */,
				1F41C6BB19488B44007E69C6 /* AppDelegate.h */,
				1F41C6BC19488B44007E69C6 /* AppDelegate.m */,
				1F41C6B419488B44007E69C6 /* VIPDiscountLearning-Info.plist */,
				1F41C6B519488B44007E69C6 /* InfoPlist.strings */,
				1F41C6B819488B44007E69C6 /* main.m */,
				1F41C6BA19488B44007E69C6 /* VIPDiscountLearning-Prefix.pch */,
			);
			name = "Supporting Files";
			sourceTree = "<group>";
		};
		1F41C6CB19488B44007E69C6 /* VIPDiscountLearningTests */ = {
			isa = PBXGroup;
			children = (
				1F41C6D119488B44007E69C6 /* VIPDiscountLearningTests.m */,
				1F41C6CC19488B44007E69C6 /* Supporting Files */,
			);
			path = VIPDiscountLearningTests;
			sourceTree = "<group>";
		};
		1F41C6CC19488B44007E69C6 /* Supporting Files */ = {
			isa = PBXGroup;
			children = (
				1F41C6CD19488B44007E69C6 /* VIPDiscountLearningTests-Info.plist */,
				1F41C6CE19488B44007E69C6 /* InfoPlist.strings */,
			);
			name = "Supporting Files";
			sourceTree = "<group>";
		};
		1F41C6DE19488B82007E69C6 /* MainView */ = {
			isa = PBXGroup;
			children = (
				1F41C6DB19488B65007E69C6 /* MainViewController.h */,
				1F41C6DC19488B65007E69C6 /* MainViewController.m */,
			);
			name = MainView;
			sourceTree = "<group>";
		};
		1F41C6EA19489653007E69C6 /* vendor */ = {
			isa = PBXGroup;
			children = (
				1F698874194AC9A800945FDF /* O2OAPI */,
				1FCB7C1D194A97010018346C /* LocationCalculator */,
				1FCB7C24194AA2D70018346C /* PCStackMenu[下拉菜单，三方] */,
				1FCB7C25194AA40A0018346C /* Constant */,
			);
			name = vendor;
			path = VIPDiscountLearning;
			sourceTree = "<group>";
		};
		1F698874194AC9A800945FDF /* O2OAPI */ = {
			isa = PBXGroup;
			children = (
				1F698871194AC99F00945FDF /* O2OAPI.h */,
				1F698872194AC99F00945FDF /* O2OAPI.m */,
			);
			name = O2OAPI;
			sourceTree = "<group>";
		};
		1FCB7C1D194A97010018346C /* LocationCalculator */ = {
			isa = PBXGroup;
			children = (
				1FCB7C1A194A96FA0018346C /* LocationCalculator.h */,
				1FCB7C1B194A96FA0018346C /* LocationCalculator.m */,
			);
			name = LocationCalculator;
			path = ..;
			sourceTree = "<group>";
		};
		1FCB7C24194AA2D70018346C /* PCStackMenu[下拉菜单，三方] */ = {
			isa = PBXGroup;
			children = (
				1FCB7C1E194AA2D00018346C /* PCStackMenu.h */,
				1FCB7C1F194AA2D00018346C /* PCStackMenu.m */,
				1FCB7C20194AA2D00018346C /* PCStackMenuItem.h */,
				1FCB7C21194AA2D00018346C /* PCStackMenuItem.m */,
			);
			name = "PCStackMenu[下拉菜单，三方]";
			path = ..;
			sourceTree = "<group>";
		};
		1FCB7C25194AA40A0018346C /* Constant */ = {
			isa = PBXGroup;
			children = (
				1F41C6E91948964E007E69C6 /* Constants.h */,
				1F41C6E81948916E007E69C6 /* ACMacros.h */,
			);
			name = Constant;
			sourceTree = "<group>";
		};
		1FCB7C36194AAB1F0018346C /* pulldownIcon */ = {
			isa = PBXGroup;
			children = (
				1FCB7C32194AAB160018346C /* mi_search_brand.png */,
				1FCB7C33194AAB160018346C /* mi_search_brand@2x.png */,
				1FCB7C2E194AAB0C0018346C /* mi_search_user.png */,
				1FCB7C2F194AAB0C0018346C /* mi_search_user@2x.png */,
				1FCB7C2A194AAB020018346C /* mi_scan.png */,
				1FCB7C2B194AAB020018346C /* mi_scan@2x.png */,
				1FCB7C26194AAAD10018346C /* mi_camera.png */,
				1FCB7C27194AAAD10018346C /* mi_camera@2x.png */,
			);
			name = pulldownIcon;
			sourceTree = "<group>";
		};
/* End PBXGroup section */

/* Begin PBXNativeTarget section */
		1F41C6A819488B44007E69C6 /* VIPDiscountLearning */ = {
			isa = PBXNativeTarget;
			buildConfigurationList = 1F41C6D519488B44007E69C6 /* Build configuration list for PBXNativeTarget "VIPDiscountLearning" */;
			buildPhases = (
				1F41C6A519488B44007E69C6 /* Sources */,
				1F41C6A619488B44007E69C6 /* Frameworks */,
				1F41C6A719488B44007E69C6 /* Resources */,
			);
			buildRules = (
			);
			dependencies = (
			);
			name = VIPDiscountLearning;
			productName = VIPDiscountLearning;
			productReference = 1F41C6A919488B44007E69C6 /* VIPDiscountLearning.app */;
			productType = "com.apple.product-type.application";
		};
		1F41C6C319488B44007E69C6 /* VIPDiscountLearningTests */ = {
			isa = PBXNativeTarget;
			buildConfigurationList = 1F41C6D819488B44007E69C6 /* Build configuration list for PBXNativeTarget "VIPDiscountLearningTests" */;
			buildPhases = (
				1F41C6C019488B44007E69C6 /* Sources */,
				1F41C6C119488B44007E69C6 /* Frameworks */,
				1F41C6C219488B44007E69C6 /* Resources */,
			);
			buildRules = (
			);
			dependencies = (
				1F41C6CA19488B44007E69C6 /* PBXTargetDependency */,
			);
			name = VIPDiscountLearningTests;
			productName = VIPDiscountLearningTests;
			productReference = 1F41C6C419488B44007E69C6 /* VIPDiscountLearningTests.xctest */;
			productType = "com.apple.product-type.bundle.unit-test";
		};
/* End PBXNativeTarget section */

/* Begin PBXProject section */
		1F41C6A119488B44007E69C6 /* Project object */ = {
			isa = PBXProject;
			attributes = {
				LastUpgradeCheck = 0510;
				ORGANIZATIONNAME = jeff.zhou;
				TargetAttributes = {
					1F41C6C319488B44007E69C6 = {
						TestTargetID = 1F41C6A819488B44007E69C6;
					};
				};
			};
			buildConfigurationList = 1F41C6A419488B44007E69C6 /* Build configuration list for PBXProject "VIPDiscountLearning" */;
			compatibilityVersion = "Xcode 3.2";
			developmentRegion = English;
			hasScannedForEncodings = 0;
			knownRegions = (
				en,
			);
			mainGroup = 1F41C6A019488B44007E69C6;
			productRefGroup = 1F41C6AA19488B44007E69C6 /* Products */;
			projectDirPath = "";
			projectRoot = "";
			targets = (
				1F41C6A819488B44007E69C6 /* VIPDiscountLearning */,
				1F41C6C319488B44007E69C6 /* VIPDiscountLearningTests */,
			);
		};
/* End PBXProject section */

/* Begin PBXResourcesBuildPhase section */
		1F41C6A719488B44007E69C6 /* Resources */ = {
			isa = PBXResourcesBuildPhase;
			buildActionMask = 2147483647;
			files = (
				1FCB7C28194AAAD10018346C /* mi_camera.png in Resources */,
				1FCB7C2D194AAB020018346C /* mi_scan@2x.png in Resources */,
				1FCB7C30194AAB0C0018346C /* mi_search_user.png in Resources */,
				1FCB7C31194AAB0C0018346C /* mi_search_user@2x.png in Resources */,
				1FCB7C35194AAB160018346C /* mi_search_brand@2x.png in Resources */,
				1F41C6B719488B44007E69C6 /* InfoPlist.strings in Resources */,
				1FCB7C34194AAB160018346C /* mi_search_brand.png in Resources */,
				1FCB7C2C194AAB020018346C /* mi_scan.png in Resources */,
				1F41C6BF19488B44007E69C6 /* Images.xcassets in Resources */,
				1FCB7C29194AAAD10018346C /* mi_camera@2x.png in Resources */,
			);
			runOnlyForDeploymentPostprocessing = 0;
		};
		1F41C6C219488B44007E69C6 /* Resources */ = {
			isa = PBXResourcesBuildPhase;
			buildActionMask = 2147483647;
			files = (
				1F41C6D019488B44007E69C6 /* InfoPlist.strings in Resources */,
			);
			runOnlyForDeploymentPostprocessing = 0;
		};
/* End PBXResourcesBuildPhase section */

/* Begin PBXSourcesBuildPhase section */
		1F41C6A519488B44007E69C6 /* Sources */ = {
			isa = PBXSourcesBuildPhase;
			buildActionMask = 2147483647;
			files = (
				1F41C6BD19488B44007E69C6 /* AppDelegate.m in Sources */,
				1F698873194AC99F00945FDF /* O2OAPI.m in Sources */,
				1FCB7C23194AA2D00018346C /* PCStackMenuItem.m in Sources */,
				1F41C6DD19488B65007E69C6 /* MainViewController.m in Sources */,
				1FCB7C1C194A96FA0018346C /* LocationCalculator.m in Sources */,
				1FCB7C22194AA2D00018346C /* PCStackMenu.m in Sources */,
				1F41C6B919488B44007E69C6 /* main.m in Sources */,
			);
			runOnlyForDeploymentPostprocessing = 0;
		};
		1F41C6C019488B44007E69C6 /* Sources */ = {
			isa = PBXSourcesBuildPhase;
			buildActionMask = 2147483647;
			files = (
				1F41C6D219488B44007E69C6 /* VIPDiscountLearningTests.m in Sources */,
			);
			runOnlyForDeploymentPostprocessing = 0;
		};
/* End PBXSourcesBuildPhase section */

/* Begin PBXTargetDependency section */
		1F41C6CA19488B44007E69C6 /* PBXTargetDependency */ = {
			isa = PBXTargetDependency;
			target = 1F41C6A819488B44007E69C6 /* VIPDiscountLearning */;
			targetProxy = 1F41C6C919488B44007E69C6 /* PBXContainerItemProxy */;
		};
/* End PBXTargetDependency section */

/* Begin PBXVariantGroup section */
		1F41C6B519488B44007E69C6 /* InfoPlist.strings */ = {
			isa = PBXVariantGroup;
			children = (
				1F41C6B619488B44007E69C6 /* en */,
			);
			name = InfoPlist.strings;
			sourceTree = "<group>";
		};
		1F41C6CE19488B44007E69C6 /* InfoPlist.strings */ = {
			isa = PBXVariantGroup;
			children = (
				1F41C6CF19488B44007E69C6 /* en */,
			);
			name = InfoPlist.strings;
			sourceTree = "<group>";
		};
/* End PBXVariantGroup section */

/* Begin XCBuildConfiguration section */
		1F41C6D319488B44007E69C6 /* Debug */ = {
			isa = XCBuildConfiguration;
			buildSettings = {
				ALWAYS_SEARCH_USER_PATHS = NO;
				CLANG_CXX_LANGUAGE_STANDARD = "gnu++0x";
				CLANG_CXX_LIBRARY = "libc++";
				CLANG_ENABLE_MODULES = YES;
				CLANG_ENABLE_OBJC_ARC = YES;
				CLANG_WARN_BOOL_CONVERSION = YES;
				CLANG_WARN_CONSTANT_CONVERSION = YES;
				CLANG_WARN_DIRECT_OBJC_ISA_USAGE = YES_ERROR;
				CLANG_WARN_EMPTY_BODY = YES;
				CLANG_WARN_ENUM_CONVERSION = YES;
				CLANG_WARN_INT_CONVERSION = YES;
				CLANG_WARN_OBJC_ROOT_CLASS = YES_ERROR;
				CLANG_WARN__DUPLICATE_METHOD_MATCH = YES;
				"CODE_SIGN_IDENTITY[sdk=iphoneos*]" = "iPhone Developer";
				COPY_PHASE_STRIP = NO;
				GCC_C_LANGUAGE_STANDARD = gnu99;
				GCC_DYNAMIC_NO_PIC = NO;
				GCC_OPTIMIZATION_LEVEL = 0;
				GCC_PREPROCESSOR_DEFINITIONS = (
					"DEBUG=1",
					"$(inherited)",
				);
				GCC_SYMBOLS_PRIVATE_EXTERN = NO;
				GCC_WARN_64_TO_32_BIT_CONVERSION = YES;
				GCC_WARN_ABOUT_RETURN_TYPE = YES_ERROR;
				GCC_WARN_UNDECLARED_SELECTOR = YES;
				GCC_WARN_UNINITIALIZED_AUTOS = YES_AGGRESSIVE;
				GCC_WARN_UNUSED_FUNCTION = YES;
				GCC_WARN_UNUSED_VARIABLE = YES;
				IPHONEOS_DEPLOYMENT_TARGET = 7.1;
				ONLY_ACTIVE_ARCH = YES;
				SDKROOT = iphoneos;
			};
			name = Debug;
		};
		1F41C6D419488B44007E69C6 /* Release */ = {
			isa = XCBuildConfiguration;
			buildSettings = {
				ALWAYS_SEARCH_USER_PATHS = NO;
				CLANG_CXX_LANGUAGE_STANDARD = "gnu++0x";
				CLANG_CXX_LIBRARY = "libc++";
				CLANG_ENABLE_MODULES = YES;
				CLANG_ENABLE_OBJC_ARC = YES;
				CLANG_WARN_BOOL_CONVERSION = YES;
				CLANG_WARN_CONSTANT_CONVERSION = YES;
				CLANG_WARN_DIRECT_OBJC_ISA_USAGE = YES_ERROR;
				CLANG_WARN_EMPTY_BODY = YES;
				CLANG_WARN_ENUM_CONVERSION = YES;
				CLANG_WARN_INT_CONVERSION = YES;
				CLANG_WARN_OBJC_ROOT_CLASS = YES_ERROR;
				CLANG_WARN__DUPLICATE_METHOD_MATCH = YES;
				"CODE_SIGN_IDENTITY[sdk=iphoneos*]" = "iPhone Developer";
				COPY_PHASE_STRIP = YES;
				ENABLE_NS_ASSERTIONS = NO;
				GCC_C_LANGUAGE_STANDARD = gnu99;
				GCC_WARN_64_TO_32_BIT_CONVERSION = YES;
				GCC_WARN_ABOUT_RETURN_TYPE = YES_ERROR;
				GCC_WARN_UNDECLARED_SELECTOR = YES;
				GCC_WARN_UNINITIALIZED_AUTOS = YES_AGGRESSIVE;
				GCC_WARN_UNUSED_FUNCTION = YES;
				GCC_WARN_UNUSED_VARIABLE = YES;
				IPHONEOS_DEPLOYMENT_TARGET = 7.1;
				SDKROOT = iphoneos;
				VALIDATE_PRODUCT = YES;
			};
			name = Release;
		};
		1F41C6D619488B44007E69C6 /* Debug */ = {
			isa = XCBuildConfiguration;
			buildSettings = {
				ASSETCATALOG_COMPILER_APPICON_NAME = AppIcon;
				ASSETCATALOG_COMPILER_LAUNCHIMAGE_NAME = LaunchImage;
				GCC_PRECOMPILE_PREFIX_HEADER = YES;
				GCC_PREFIX_HEADER = "VIPDiscountLearning/VIPDiscountLearning-Prefix.pch";
				INFOPLIST_FILE = "VIPDiscountLearning/VIPDiscountLearning-Info.plist";
				PRODUCT_NAME = "$(TARGET_NAME)";
				WRAPPER_EXTENSION = app;
			};
			name = Debug;
		};
		1F41C6D719488B44007E69C6 /* Release */ = {
			isa = XCBuildConfiguration;
			buildSettings = {
				ASSETCATALOG_COMPILER_APPICON_NAME = AppIcon;
				ASSETCATALOG_COMPILER_LAUNCHIMAGE_NAME = LaunchImage;
				GCC_PRECOMPILE_PREFIX_HEADER = YES;
				GCC_PREFIX_HEADER = "VIPDiscountLearning/VIPDiscountLearning-Prefix.pch";
				INFOPLIST_FILE = "VIPDiscountLearning/VIPDiscountLearning-Info.plist";
				PRODUCT_NAME = "$(TARGET_NAME)";
				WRAPPER_EXTENSION = app;
			};
			name = Release;
		};
		1F41C6D919488B44007E69C6 /* Debug */ = {
			isa = XCBuildConfiguration;
			buildSettings = {
				BUNDLE_LOADER = "$(BUILT_PRODUCTS_DIR)/VIPDiscountLearning.app/VIPDiscountLearning";
				FRAMEWORK_SEARCH_PATHS = (
					"$(SDKROOT)/Developer/Library/Frameworks",
					"$(inherited)",
					"$(DEVELOPER_FRAMEWORKS_DIR)",
				);
				GCC_PRECOMPILE_PREFIX_HEADER = YES;
				GCC_PREFIX_HEADER = "VIPDiscountLearning/VIPDiscountLearning-Prefix.pch";
				GCC_PREPROCESSOR_DEFINITIONS = (
					"DEBUG=1",
					"$(inherited)",
				);
				INFOPLIST_FILE = "VIPDiscountLearningTests/VIPDiscountLearningTests-Info.plist";
				PRODUCT_NAME = "$(TARGET_NAME)";
				TEST_HOST = "$(BUNDLE_LOADER)";
				WRAPPER_EXTENSION = xctest;
			};
			name = Debug;
		};
		1F41C6DA19488B44007E69C6 /* Release */ = {
			isa = XCBuildConfiguration;
			buildSettings = {
				BUNDLE_LOADER = "$(BUILT_PRODUCTS_DIR)/VIPDiscountLearning.app/VIPDiscountLearning";
				FRAMEWORK_SEARCH_PATHS = (
					"$(SDKROOT)/Developer/Library/Frameworks",
					"$(inherited)",
					"$(DEVELOPER_FRAMEWORKS_DIR)",
				);
				GCC_PRECOMPILE_PREFIX_HEADER = YES;
				GCC_PREFIX_HEADER = "VIPDiscountLearning/VIPDiscountLearning-Prefix.pch";
				INFOPLIST_FILE = "VIPDiscountLearningTests/VIPDiscountLearningTests-Info.plist";
				PRODUCT_NAME = "$(TARGET_NAME)";
				TEST_HOST = "$(BUNDLE_LOADER)";
				WRAPPER_EXTENSION = xctest;
			};
			name = Release;
		};
/* End XCBuildConfiguration section */

/* Begin XCConfigurationList section */
		1F41C6A419488B44007E69C6 /* Build configuration list for PBXProject "VIPDiscountLearning" */ = {
			isa = XCConfigurationList;
			buildConfigurations = (
				1F41C6D319488B44007E69C6 /* Debug */,
				1F41C6D419488B44007E69C6 /* Release */,
			);
			defaultConfigurationIsVisible = 0;
			defaultConfigurationName = Release;
		};
		1F41C6D519488B44007E69C6 /* Build configuration list for PBXNativeTarget "VIPDiscountLearning" */ = {
			isa = XCConfigurationList;
			buildConfigurations = (
				1F41C6D619488B44007E69C6 /* Debug */,
				1F41C6D719488B44007E69C6 /* Release */,
			);
			defaultConfigurationIsVisible = 0;
			defaultConfigurationName = Release;
		};
		1F41C6D819488B44007E69C6 /* Build configuration list for PBXNativeTarget "VIPDiscountLearningTests" */ = {
			isa = XCConfigurationList;
			buildConfigurations = (
				1F41C6D919488B44007E69C6 /* Debug */,
				1F41C6DA19488B44007E69C6 /* Release */,
			);
			defaultConfigurationIsVisible = 0;
			defaultConfigurationName = Release;
		};
/* End XCConfigurationList section */
	};
	rootObject = 1F41C6A119488B44007E69C6 /* Project object */;
}
